
Microsoft Visual Studio Solution File, Format Version 12.00
# Visual Studio Version 17
VisualStudioVersion = 17.10.35122.118
MinimumVisualStudioVersion = 10.0.40219.1
Project("{8BC9CEB8-8B4A-11D0-8D11-00A0C91BC942}") = "editor", "editor.vcxproj", "{540B70E1-6E86-4394-A22E-501BF6548048}"
EndProject
Global
	GlobalSection(SolutionConfigurationPlatforms) = preSolution
		Debug - GPU select|x64 = Debug - GPU select|x64
		Debug|x64 = Debug|x64
		Profile|x64 = Profile|x64
		Release|x64 = Release|x64
		RenderDoc|x64 = RenderDoc|x64
	EndGlobalSection
	GlobalSection(ProjectConfigurationPlatforms) = postSolution
		{540B70E1-6E86-4394-A22E-501BF6548048}.Debug - GPU select|x64.ActiveCfg = Debug - GPU select|x64
		{540B70E1-6E86-4394-A22E-501BF6548048}.Debug - GPU select|x64.Build.0 = Debug - GPU select|x64
		{540B70E1-6E86-4394-A22E-501BF6548048}.Debug|x64.ActiveCfg = Debug|x64
		{540B70E1-6E86-4394-A22E-501BF6548048}.Debug|x64.Build.0 = Debug|x64
		{540B70E1-6E86-4394-A22E-501BF6548048}.Profile|x64.ActiveCfg = Profile|x64
		{540B70E1-6E86-4394-A22E-501BF6548048}.Profile|x64.Build.0 = Profile|x64
		{540B70E1-6E86-4394-A22E-501BF6548048}.Release|x64.ActiveCfg = Release|x64
		{540B70E1-6E86-4394-A22E-501BF6548048}.Release|x64.Build.0 = Release|x64
		{540B70E1-6E86-4394-A22E-501BF6548048}.RenderDoc|x64.ActiveCfg = RenderDoc|x64
		{540B70E1-6E86-4394-A22E-501BF6548048}.RenderDoc|x64.Build.0 = RenderDoc|x64
	EndGlobalSection
	GlobalSection(SolutionProperties) = preSolution
		HideSolutionNode = FALSE
	EndGlobalSection
	GlobalSection(ExtensibilityGlobals) = postSolution
		SolutionGuid = {6C4BFB4F-3552-4346-B34C-D0B8E82C9C3B}
	EndGlobalSection
EndGlobal
