<?xml version="1.0" encoding="utf-8"?>
<Project ToolsVersion="4.0" xmlns="http://schemas.microsoft.com/developer/msbuild/2003">
  <ItemGroup>
    <Filter Include="Source Files">
      <UniqueIdentifier>{4FC737F1-C7A5-4376-A066-2A32D752A2FF}</UniqueIdentifier>
      <Extensions>cpp;c;cc;cxx;c++;cppm;ixx;def;odl;idl;hpj;bat;asm;asmx</Extensions>
    </Filter>
    <Filter Include="Header Files">
      <UniqueIdentifier>{93995380-89BD-4b04-88EB-625FBE52EBFB}</UniqueIdentifier>
      <Extensions>h;hh;hpp;hxx;h++;hm;inl;inc;ipp;xsd</Extensions>
    </Filter>
    <Filter Include="Resource Files">
      <UniqueIdentifier>{67DA6AB6-F800-4c08-8B7A-83BB121AAD01}</UniqueIdentifier>
      <Extensions>rc;ico;cur;bmp;dlg;rc2;rct;bin;rgs;gif;jpg;jpeg;jpe;resx;tiff;tif;png;wav;mfcribbon-ms</Extensions>
    </Filter>
    <Filter Include="Source Files\core">
      <UniqueIdentifier>{cfd67115-412c-4137-8cee-225285dacc5e}</UniqueIdentifier>
    </Filter>
    <Filter Include="Source Files\core\platform">
      <UniqueIdentifier>{aa4d1785-86ad-492d-a986-551b45cb4790}</UniqueIdentifier>
    </Filter>
    <Filter Include="Header Files\core">
      <UniqueIdentifier>{596024c8-c096-4c81-8bb6-d7edf967bf31}</UniqueIdentifier>
    </Filter>
    <Filter Include="Header Files\core\platform">
      <UniqueIdentifier>{d34e1a60-7ecd-4e66-966e-5e9a16783712}</UniqueIdentifier>
    </Filter>
    <Filter Include="Header Files\core\platform\window">
      <UniqueIdentifier>{78d1ff1c-5ecc-41ed-9f1f-82bebf3c4e67}</UniqueIdentifier>
    </Filter>
    <Filter Include="Source Files\core\platform\windows">
      <UniqueIdentifier>{2a01d8cd-9213-472b-a031-255d136b04d0}</UniqueIdentifier>
    </Filter>
    <Filter Include="Source Files\core\GXCommon">
      <UniqueIdentifier>{18d410c8-232e-49d5-89b0-e89dee8a972d}</UniqueIdentifier>
    </Filter>
    <Filter Include="Source Files\core\GXCommon\Vulkan">
      <UniqueIdentifier>{cfafd2a6-508d-41f8-9f2e-c51902794d49}</UniqueIdentifier>
    </Filter>
    <Filter Include="Source Files\core\GXCommon\Intrinsics">
      <UniqueIdentifier>{c7c2dfe5-beff-450f-b37a-b5ca198b53ea}</UniqueIdentifier>
    </Filter>
    <Filter Include="Header Files\core\GXCommon">
      <UniqueIdentifier>{9483467c-614c-489a-a476-9e48e3dd061d}</UniqueIdentifier>
    </Filter>
    <Filter Include="Header Files\core\GXCommon\Windows">
      <UniqueIdentifier>{279ab7ed-1fc4-41e5-b2eb-ace2675c91e1}</UniqueIdentifier>
    </Filter>
  </ItemGroup>
  <ItemGroup>
    <ClCompile Include="src\main.cpp">
      <Filter>Source Files</Filter>
    </ClCompile>
    <ClCompile Include="src\editor.cpp">
      <Filter>Source Files</Filter>
    </ClCompile>
    <ClCompile Include="src\crash_dump.cpp">
      <Filter>Source Files</Filter>
    </ClCompile>
    <ClCompile Include="src\save_state.cpp">
      <Filter>Source Files</Filter>
    </ClCompile>
    <ClCompile Include="src\main_window.cpp">
      <Filter>Source Files</Filter>
    </ClCompile>
    <ClCompile Include="..\..\app\src\main\cpp\sources\vulkan_loader.cpp">
      <Filter>Source Files\core</Filter>
    </ClCompile>
    <ClCompile Include="..\..\app\src\main\cpp\sources\vulkan_utils.cpp">
      <Filter>Source Files\core</Filter>
    </ClCompile>
    <ClCompile Include="..\..\app\src\main\cpp\sources\memory_allocator.cpp">
      <Filter>Source Files\core</Filter>
    </ClCompile>
    <ClCompile Include="..\..\app\src\main\cpp\sources\platform\windows\logger.cpp">
      <Filter>Source Files\core\platform\windows</Filter>
    </ClCompile>
    <ClCompile Include="..\..\app\src\main\cpp\sources\platform\windows\trace.cpp">
      <Filter>Source Files\core\platform\windows</Filter>
    </ClCompile>
    <ClCompile Include="..\..\app\src\main\cpp\sources\platform\windows\vulkan_loader.cpp">
      <Filter>Source Files\core\platform\windows</Filter>
    </ClCompile>
    <ClCompile Include="..\..\app\src\main\cpp\sources\renderer.cpp">
      <Filter>Source Files\core</Filter>
    </ClCompile>
    <ClCompile Include="..\..\app\src\main\cpp\sources\platform\windows\file.cpp">
      <Filter>Source Files\core\platform\windows</Filter>
    </ClCompile>
    <ClCompile Include="..\..\app\src\main\cpp\sources\platform\windows\renderer.cpp">
      <Filter>Source Files\core\platform\windows</Filter>
    </ClCompile>
    <ClCompile Include="src\os_utils.cpp">
      <Filter>Source Files</Filter>
    </ClCompile>
    <ClCompile Include="..\..\app\src\main\cpp\sources\GXCommon\GXMath.cpp">
      <Filter>Source Files\core\GXCommon</Filter>
    </ClCompile>
    <ClCompile Include="..\..\app\src\main\cpp\sources\GXCommon\Vulkan\GXMathBackend.cpp">
      <Filter>Source Files\core\GXCommon\Vulkan</Filter>
    </ClCompile>
    <ClCompile Include="..\..\app\src\main\cpp\sources\GXCommon\Intrinsics\GXMathCPU.cpp">
      <Filter>Source Files\core\GXCommon\Intrinsics</Filter>
    </ClCompile>
  </ItemGroup>
  <ItemGroup>
    <ClInclude Include="..\..\app\src\main\cpp\include\logger.hpp">
      <Filter>Header Files\core</Filter>
    </ClInclude>
    <ClInclude Include="include\editor.hpp">
      <Filter>Header Files</Filter>
    </ClInclude>
    <ClInclude Include="include\crash_dump.hpp">
      <Filter>Header Files</Filter>
    </ClInclude>
    <ClInclude Include="..\..\app\src\main\cpp\include\trace.hpp">
      <Filter>Header Files\core</Filter>
    </ClInclude>
    <ClInclude Include="include\save_state.hpp">
      <Filter>Header Files</Filter>
    </ClInclude>
    <ClInclude Include="include\main_window.hpp">
      <Filter>Header Files</Filter>
    </ClInclude>
    <ClInclude Include="..\..\app\src\main\cpp\include\vulkan_api.hpp">
      <Filter>Header Files\core</Filter>
    </ClInclude>
    <ClInclude Include="..\..\app\src\main\cpp\include\vulkan_loader.hpp">
      <Filter>Header Files\core</Filter>
    </ClInclude>
    <ClInclude Include="..\..\app\src\main\cpp\include\vulkan_utils.hpp">
      <Filter>Header Files\core</Filter>
    </ClInclude>
    <ClInclude Include="..\..\app\src\main\cpp\include\memory_allocator.hpp">
      <Filter>Header Files\core</Filter>
    </ClInclude>
    <ClInclude Include="..\..\app\src\main\cpp\include\renderer.hpp">
      <Filter>Header Files\core</Filter>
    </ClInclude>
    <ClInclude Include="include\os_utils.hpp">
      <Filter>Header Files</Filter>
    </ClInclude>
    <ClInclude Include="..\..\app\src\main\cpp\include\GXCommon\GXMath.hpp">
      <Filter>Header Files\core\GXCommon</Filter>
    </ClInclude>
    <ClInclude Include="..\..\app\src\main\cpp\include\GXCommon\GXWarning.hpp">
      <Filter>Header Files\core\GXCommon</Filter>
    </ClInclude>
    <ClInclude Include="..\..\app\src\main\cpp\include\GXCommon\GXTypes.hpp">
      <Filter>Header Files\core\GXCommon</Filter>
    </ClInclude>
    <ClInclude Include="..\..\app\src\main\cpp\include\GXCommon\Windows\GXTypes.hpp">
      <Filter>Header Files\core\GXCommon\Windows</Filter>
    </ClInclude>
    <ClInclude Include="..\..\app\src\main\cpp\include\GXCommon\Windows\GXWarning.hpp">
      <Filter>Header Files\core\GXCommon\Windows</Filter>
    </ClInclude>
  </ItemGroup>
  <ItemGroup>
    <ResourceCompile Include="src\version.rc">
      <Filter>Resource Files</Filter>
    </ResourceCompile>
    <ResourceCompile Include="src\main.rc">
      <Filter>Resource Files</Filter>
    </ResourceCompile>
  </ItemGroup>
  <ItemGroup>
    <Image Include="src\icon.ico">
      <Filter>Resource Files</Filter>
    </Image>
  </ItemGroup>
  <ItemGroup>
    <None Include="..\..\app\src\main\cpp\include\vulkan_bootstrap.in">
      <Filter>Header Files\core</Filter>
    </None>
    <None Include="..\..\app\src\main\cpp\include\vulkan_device.in">
      <Filter>Header Files\core</Filter>
    </None>
    <None Include="..\..\app\src\main\cpp\include\vulkan_instance.in">
      <Filter>Header Files\core</Filter>
    </None>
    <None Include="..\..\app\src\main\cpp\include\platform\windows\vulkan_instance.in">
      <Filter>Header Files\core\platform\window</Filter>
    </None>
  </ItemGroup>
</Project>